
Microsoft Visual Studio Solution File, Format Version 12.00
# Visual Studio Version 17
VisualStudioVersion = 17.10.34916.146
MinimumVisualStudioVersion = 10.0.40219.1
Project("{FAE04EC0-301F-11D3-BF4B-00C04F79EFBC}") = "expense-tracker", "expense-tracker\expense-tracker.csproj", "{156158A1-01B4-42ED-B76D-F180EC40106F}"
EndProject
Project("{2150E333-8FDC-42A3-9474-1A3956D46DE8}") = "Solution Items", "Solution Items", "{9059B537-9B23-4287-8498-9138EC896133}"
	ProjectSection(SolutionItems) = preProject
		.editorconfig = .editorconfig
	EndProjectSection
EndProject
Global
	GlobalSection(SolutionConfigurationPlatforms) = preSolution
		Debug|Any CPU = Debug|Any CPU
		Release|Any CPU = Release|Any CPU
	EndGlobalSection
	GlobalSection(ProjectConfigurationPlatforms) = postSolution
		{156158A1-01B4-42ED-B76D-F180EC40106F}.Debug|Any CPU.ActiveCfg = Debug|Any CPU
		{156158A1-01B4-42ED-B76D-F180EC40106F}.Debug|Any CPU.Build.0 = Debug|Any CPU
		{156158A1-01B4-42ED-B76D-F180EC40106F}.Release|Any CPU.ActiveCfg = Release|Any CPU
		{156158A1-01B4-42ED-B76D-F180EC40106F}.Release|Any CPU.Build.0 = Release|Any CPU
	EndGlobalSection
	GlobalSection(SolutionProperties) = preSolution
		HideSolutionNode = FALSE
	EndGlobalSection
	GlobalSection(ExtensibilityGlobals) = postSolution
		SolutionGuid = {F3ADE21E-D354-4E34-8E3D-F481C1FD5BCD}
	EndGlobalSection
EndGlobal
